# This file is generated by running "yarn install" inside your project.
# Manual changes might be lost - proceed with caution!

__metadata:
  version: 10
  cacheKey: 10c0

"@esbuild/aix-ppc64@npm:0.28.2":
  version: 0.28.2
  resolution: "@esbuild/aix-ppc64@npm:0.28.2"
  conditions: os=aix & cpu=ppc64
  languageName: node
  linkType: hard

"@esbuild/android-arm64@npm:0.28.2":
  version: 0.28.2
  resolution: "@esbuild/android-arm64@npm:0.28.2"
  conditions: os=android & cpu=arm64
  languageName: node
  linkType: hard

"@esbuild/android-arm@npm:0.28.2":
  version: 0.28.2
  resolution: "@esbuild/android-arm@npm:0.28.2"
  conditions: os=android & cpu=arm
  languageName: node
  linkType: hard

"@esbuild/android-x64@npm:0.28.2":
  version: 0.28.2
  resolution: "@esbuild/android-x64@npm:0.28.2"
  conditions: os=android & cpu=x64
  languageName: node
  linkType: hard

"@esbuild/darwin-arm64@npm:0.28.2":
  version: 0.28.2
  resolution: "@esbuild/darwin-arm64@npm:0.28.2"
  conditions: os=darwin & cpu=arm64
  languageName: node
  linkType: hard

"@esbuild/darwin-x64@npm:0.28.2":
  version: 0.28.2
  resolution: "@esbuild/darwin-x64@npm:0.28.2"
  conditions: os=darwin & cpu=x64
  languageName: node
  linkType: hard

"@esbuild/freebsd-arm64@npm:0.28.2":
  version: 0.28.2
  resolution: "@esbuild/freebsd-arm64@npm:0.28.2"
  conditions: os=freebsd & cpu=arm64
  languageName: node
  linkType: hard

"@esbuild/freebsd-x64@npm:0.28.2":
  version: 0.28.2
  resolution: "@esbuild/freebsd-x64@npm:0.28.2"
  conditions: os=freebsd & cpu=x64
  languageName: node
  linkType: hard

"@esbuild/linux-arm64@npm:0.28.2":
  version: 0.28.2
  resolution: "@esbuild/linux-arm64@npm:0.28.2"
  conditions: os=linux & cpu=arm64
  languageName: node
  linkType: hard

"@esbuild/linux-arm@npm:0.28.2":
  version: 0.28.2
  resolution: "@esbuild/linux-arm@npm:0.28.2"
  conditions: os=linux & cpu=arm
  languageName: node
  linkType: hard

"@esbuild/linux-ia32@npm:0.28.2":
  version: 0.28.2
  resolution: "@esbuild/linux-ia32@npm:0.28.2"
  conditions: os=linux & cpu=ia32
  languageName: node
  linkType: hard

"@esbuild/linux-loong64@npm:0.28.2":
  version: 0.28.2
  resolution: "@esbuild/linux-loong64@npm:0.28.2"
  conditions: os=linux & cpu=loong64
  languageName: node
  linkType: hard

"@esbuild/linux-mips64el@npm:0.28.2":
  version: 0.28.2
  resolution: "@esbuild/linux-mips64el@npm:0.28.2"
  conditions: os=linux & cpu=mips64el
  languageName: node
  linkType: hard

"@esbuild/linux-ppc64@npm:0.28.2":
  version: 0.28.2
  resolution: "@esbuild/linux-ppc64@npm:0.28.2"
  conditions: os=linux & cpu=ppc64
  languageName: node
  linkType: hard

"@esbuild/linux-riscv64@npm:0.28.2":
  version: 0.28.2
  resolution: "@esbuild/linux-riscv64@npm:0.28.2"
  conditions: os=linux & cpu=riscv64
  languageName: node
  linkType: hard

"@esbuild/linux-s390x@npm:0.28.2":
  version: 0.28.2
  resolution: "@esbuild/linux-s390x@npm:0.28.2"
  conditions: os=linux & cpu=s390x
  languageName: node
  linkType: hard

"@esbuild/linux-x64@npm:0.28.2":
  version: 0.28.2
  resolution: "@esbuild/linux-x64@npm:0.28.2"
  conditions: os=linux & cpu=x64
  languageName: node
  linkType: hard

"@esbuild/netbsd-arm64@npm:0.28.2":
  version: 0.28.2
  resolution: "@esbuild/netbsd-arm64@npm:0.28.2"
  conditions: os=netbsd & cpu=arm64
  languageName: node
  linkType: hard

"@esbuild/netbsd-x64@npm:0.28.2":
  version: 0.28.2
  resolution: "@esbuild/netbsd-x64@npm:0.28.2"
  conditions: os=netbsd & cpu=x64
  languageName: node
  linkType: hard

"@esbuild/openbsd-arm64@npm:0.28.2":
  version: 0.28.2
  resolution: "@esbuild/openbsd-arm64@npm:0.28.2"
  conditions: os=openbsd & cpu=arm64
  languageName: node
  linkType: hard

"@esbuild/openbsd-x64@npm:0.28.2":
  version: 0.28.2
  resolution: "@esbuild/openbsd-x64@npm:0.28.2"
  conditions: os=openbsd & cpu=x64
  languageName: node
  linkType: hard

"@esbuild/openharmony-arm64@npm:0.28.2":
  version: 0.28.2
  resolution: "@esbuild/openharmony-arm64@npm:0.28.2"
  conditions: os=openharmony & cpu=arm64
  languageName: node
  linkType: hard

"@esbuild/sunos-x64@npm:0.28.2":
  version: 0.28.2
  resolution: "@esbuild/sunos-x64@npm:0.28.2"
  conditions: os=sunos & cpu=x64
  languageName: node
  linkType: hard

"@esbuild/win32-arm64@npm:0.28.2":
  version: 0.28.2
  resolution: "@esbuild/win32-arm64@npm:0.28.2"
  conditions: os=win32 & cpu=arm64
  languageName: node
  linkType: hard

"@esbuild/win32-ia32@npm:0.28.2":
  version: 0.28.2
  resolution: "@esbuild/win32-ia32@npm:0.28.2"
  conditions: os=win32 & cpu=ia32
  languageName: node
  linkType: hard

"@esbuild/win32-x64@npm:0.28.2":
  version: 0.28.2
  resolution: "@esbuild/win32-x64@npm:0.28.2"
  conditions: os=win32 & cpu=x64
  languageName: node
  linkType: hard

"@jest/types@npm:^26.6.2":
  version: 26.6.2
  resolution: "@jest/types@npm:26.6.2"
  dependencies:
    "@types/istanbul-lib-coverage": "npm:^2.0.0"
    "@types/istanbul-reports": "npm:^3.0.0"
    "@types/node": "npm:*"
    "@types/yargs": "npm:^15.0.0"
    chalk: "npm:^4.0.0"
  checksum: 10c0/5b9b957f38a002895eb04bbb8c3dda6fccce8e2551f3f44b02f1f43063a78e8bedce73cd4330b53ede00ae005de5cd805982fbb2ec6ab9feacf96344240d5db2
  languageName: node
  linkType: hard

"@types/codemirror@npm:5.60.8":
  version: 5.60.8
  resolution: "@types/codemirror@npm:5.60.8"
  dependencies:
    "@types/tern": "npm:*"
  checksum: 10c0/cf72f1650f78902afadcdf4a1042f7f7cb7d1cc8d6c7135ac3d5e07e5314671c77d7f331001fd0a2dc9bf976b5ac0ce8f0c8922f4cafeb680ac20e68afa02c13
  languageName: node
  linkType: hard

"@types/estree@npm:*":
  version: 0.0.51
  resolution: "@types/estree@npm:0.0.51"
  checksum: 10c0/a70c60d5e634e752fcd45b58c9c046ef22ad59ede4bc93ad5193c7e3b736ebd6bcd788ade59d9c3b7da6eeb0939235f011d4c59bb4fc04d8c346b76035099dd1
  languageName: node
  linkType: hard

"@types/istanbul-lib-coverage@npm:*, @types/istanbul-lib-coverage@npm:^2.0.0":
  version: 2.0.4
  resolution: "@types/istanbul-lib-coverage@npm:2.0.4"
  checksum: 10c0/af5f6b64e788331ed3f7b2e2613cb6ca659c58b8500be94bbda8c995ad3da9216c006f1cfe6f66b321c39392b1bda18b16e63cef090a77d24a00b4bd5ba3b018
  languageName: node
  linkType: hard

"@types/istanbul-lib-report@npm:*":
  version: 3.0.0
  resolution: "@types/istanbul-lib-report@npm:3.0.0"
  dependencies:
    "@types/istanbul-lib-coverage": "npm:*"
  checksum: 10c0/7ced458631276a28082ee40645224c3cdd8b861961039ff811d841069171c987ec7e50bc221845ec0d04df0022b2f457a21fb2f816dab2fbe64d59377b32031f
  languageName: node
  linkType: hard

"@types/istanbul-reports@npm:^3.0.0":
  version: 3.0.1
  resolution: "@types/istanbul-reports@npm:3.0.1"
  dependencies:
    "@types/istanbul-lib-report": "npm:*"
  checksum: 10c0/e147f0db9346a0cae9a359220bc76f7c78509fb6979a2597feb24d64b6e8328d2d26f9d152abbd59c6bca721e4ea2530af20116d01df50815efafd1e151fd777
  languageName: node
  linkType: hard

"@types/jest@npm:^26.0.24":
  version: 26.0.24
  resolution: "@types/jest@npm:26.0.24"
  dependencies:
    jest-diff: "npm:^26.0.0"
    pretty-format: "npm:^26.0.0"
  checksum: 10c0/1085ac96af43566518daf3aca60cb7881bfe2ffe1f5343738933e386ebf909095fde15273c3e99c685854dfc833b05b156fb5daf68707c0daa1c0c0db13a665b
  languageName: node
  linkType: hard

"@types/lodash.clonedeep@npm:^4.5.7":
  version: 4.5.7
  resolution: "@types/lodash.clonedeep@npm:4.5.7"
  dependencies:
    "@types/lodash": "npm:*"
  checksum: 10c0/214c0fe6a89a5d0c75f148a8c7134e212453caace259fcf0be79e67ceff72015a2fa6335758a8cc3231222f34b3968f8c6adf6f49626594f80ccbc276dd1744d
  languageName: node
  linkType: hard

"@types/lodash@npm:*":
  version: 4.14.184
  resolution: "@types/lodash@npm:4.14.184"
  checksum: 10c0/35e81d477603b319179b335b839865f7bc837afcfd08b5fedfe7e01a0a0f192599f7567ffa45dbf95bfa793f1e9f9bc4666f57f47f0b00fe171e857b9178aed9
  languageName: node
  linkType: hard

"@types/node@npm:*":
  version: 17.0.25
  resolution: "@types/node@npm:17.0.25"
  checksum: 10c0/fe957c007afb20b238f82b3dbfd54893dfcb4040c733597220fa215dc2f0faef9440be15f63df8c54895cf8256f3d52c5b8e51a13e97089492db1f2ae613db76
  languageName: node
  linkType: hard

"@types/node@npm:^14.14.37":
  version: 14.18.13
  resolution: "@types/node@npm:14.18.13"
  checksum: 10c0/b104c1faddbc9dfc59de23927563bec44e3bfd4fa9108929e54a31ac2bc1469b16cced886950bb518a0549003b6fedf1f232e7169d49b117335bbb0f56252ae6
  languageName: node
  linkType: hard

"@types/tern@npm:*":
  version: 0.23.4
  resolution: "@types/tern@npm:0.23.4"
  dependencies:
    "@types/estree": "npm:*"
  checksum: 10c0/72fc9ba34351279b8cce9669e8db54fa70a909392e438ca18fd033b1e6d6f79c896d9ffc805cfc4212c340612d4777243a7e2521c7edc5bc627796b552f256c1
  languageName: node
  linkType: hard

"@types/yargs-parser@npm:*":
  version: 21.0.0
  resolution: "@types/yargs-parser@npm:21.0.0"
  checksum: 10c0/cb89f3bb2e8002f1479a65a934e825be4cc18c50b350bbc656405d41cf90b8a299b105e7da497d7eb1aa460472a07d1e5a389f3af0862f1d1252279cfcdd017c
  languageName: node
  linkType: hard

"@types/yargs@npm:^15.0.0":
  version: 15.0.14
  resolution: "@types/yargs@npm:15.0.14"
  dependencies:
    "@types/yargs-parser": "npm:*"
  checksum: 10c0/49eb8ad456c218a6dc8abd90a6f635a3ef44bb59161fbee2e9208f86fcb931668bb3559cad8cfe9a84d9c32b98034e37fefc2d728c3a077784b51971f0766b2e
  languageName: node
  linkType: hard

"@xmldom/xmldom@npm:^0.9.12":
  version: 0.9.12
  resolution: "@xmldom/xmldom@npm:0.9.12"
  checksum: 10c0/0a9ef38e203213717dde8d16c62743c26c37eb4195aeb4f286550a0aec2145c063a6c3633f253c29f75202f922d7c961d1acaad4dd93e5db1ef05c813354d178
  languageName: node
  linkType: hard

"ansi-regex@npm:^5.0.0":
  version: 5.0.1
  resolution: "ansi-regex@npm:5.0.1"
  checksum: 10c0/9a64bb8627b434ba9327b60c027742e5d17ac69277960d041898596271d992d4d52ba7267a63ca10232e29f6107fc8a835f6ce8d719b88c5f8493f8254813737
  languageName: node
  linkType: hard

"ansi-styles@npm:^4.0.0, ansi-styles@npm:^4.1.0":
  version: 4.3.0
  resolution: "ansi-styles@npm:4.3.0"
  dependencies:
    color-convert: "npm:^2.0.1"
  checksum: 10c0/895a23929da416f2bd3de7e9cb4eabd340949328ab85ddd6e484a637d8f6820d485f53933446f5291c3b760cbc488beb8e88573dd0f9c7daf83dccc8fe81b041
  languageName: node
  linkType: hard

"builtin-modules@npm:^5.3.0":
  version: 5.3.0
  resolution: "builtin-modules@npm:5.3.0"
  checksum: 10c0/0251cf1bb44494353669de425fd7db2211338eecda1dafb04c7b64f57f5b0a738188cdfa854c7f82453df5ee9220537ad268c5f1d1ded873b65b8107928155f0
  languageName: node
  linkType: hard

"chalk@npm:^4.0.0":
  version: 4.1.2
  resolution: "chalk@npm:4.1.2"
  dependencies:
    ansi-styles: "npm:^4.1.0"
    supports-color: "npm:^7.1.0"
  checksum: 10c0/4a3fef5cc34975c898ffe77141450f679721df9dde00f6c304353fa9c8b571929123b26a0e4617bde5018977eb655b31970c297b91b63ee83bb82aeb04666880
  languageName: node
  linkType: hard

"color-convert@npm:^2.0.1":
  version: 2.0.1
  resolution: "color-convert@npm:2.0.1"
  dependencies:
    color-name: "npm:~1.1.4"
  checksum: 10c0/37e1150172f2e311fe1b2df62c6293a342ee7380da7b9cfdba67ea539909afbd74da27033208d01d6d5cfc65ee7868a22e18d7e7648e004425441c0f8a15a7d7
  languageName: node
  linkType: hard

"color-name@npm:~1.1.4":
  version: 1.1.4
  resolution: "color-name@npm:1.1.4"
  checksum: 10c0/a1a3f914156960902f46f7f56bc62effc6c94e84b2cae157a526b1c1f74b677a47ec602bf68a61abfa2b42d15b7c5651c6dbe72a43af720bc588dff885b10f95
  languageName: node
  linkType: hard

"diff-sequences@npm:^26.6.2":
  version: 26.6.2
  resolution: "diff-sequences@npm:26.6.2"
  checksum: 10c0/a576b78f542377ce2bb032aa91aaf12376c6f562f79b2570f5fe16b4c18acff78de144ae44f0d86bedfe9c29ef38aa027db963850213e07bbc1c1a3b2834e861
  languageName: node
  linkType: hard

"esbuild@npm:^0.28.2":
  version: 0.28.2
  resolution: "esbuild@npm:0.28.2"
  dependencies:
    "@esbuild/aix-ppc64": "npm:0.28.2"
    "@esbuild/android-arm": "npm:0.28.2"
    "@esbuild/android-arm64": "npm:0.28.2"
    "@esbuild/android-x64": "npm:0.28.2"
    "@esbuild/darwin-arm64": "npm:0.28.2"
    "@esbuild/darwin-x64": "npm:0.28.2"
    "@esbuild/freebsd-arm64": "npm:0.28.2"
    "@esbuild/freebsd-x64": "npm:0.28.2"
    "@esbuild/linux-arm": "npm:0.28.2"
    "@esbuild/linux-arm64": "npm:0.28.2"
    "@esbuild/linux-ia32": "npm:0.28.2"
    "@esbuild/linux-loong64": "npm:0.28.2"
    "@esbuild/linux-mips64el": "npm:0.28.2"
    "@esbuild/linux-ppc64": "npm:0.28.2"
    "@esbuild/linux-riscv64": "npm:0.28.2"
    "@esbuild/linux-s390x": "npm:0.28.2"
    "@esbuild/linux-x64": "npm:0.28.2"
    "@esbuild/netbsd-arm64": "npm:0.28.2"
    "@esbuild/netbsd-x64": "npm:0.28.2"
    "@esbuild/openbsd-arm64": "npm:0.28.2"
    "@esbuild/openbsd-x64": "npm:0.28.2"
    "@esbuild/openharmony-arm64": "npm:0.28.2"
    "@esbuild/sunos-x64": "npm:0.28.2"
    "@esbuild/win32-arm64": "npm:0.28.2"
    "@esbuild/win32-ia32": "npm:0.28.2"
    "@esbuild/win32-x64": "npm:0.28.2"
  dependenciesMeta:
    "@esbuild/aix-ppc64":
      optional: true
    "@esbuild/android-arm":
      optional: true
    "@esbuild/android-arm64":
      optional: true
    "@esbuild/android-x64":
      optional: true
    "@esbuild/darwin-arm64":
      optional: true
    "@esbuild/darwin-x64":
      optional: true
    "@esbuild/freebsd-arm64":
      optional: true
    "@esbuild/freebsd-x64":
      optional: true
    "@esbuild/linux-arm":
      optional: true
    "@esbuild/linux-arm64":
      optional: true
    "@esbuild/linux-ia32":
      optional: true
    "@esbuild/linux-loong64":
      optional: true
    "@esbuild/linux-mips64el":
      optional: true
    "@esbuild/linux-ppc64":
      optional: true
    "@esbuild/linux-riscv64":
      optional: true
    "@esbuild/linux-s390x":
      optional: true
    "@esbuild/linux-x64":
      optional: true
    "@esbuild/netbsd-arm64":
      optional: true
    "@esbuild/netbsd-x64":
      optional: true
    "@esbuild/openbsd-arm64":
      optional: true
    "@esbuild/openbsd-x64":
      optional: true
    "@esbuild/openharmony-arm64":
      optional: true
    "@esbuild/sunos-x64":
      optional: true
    "@esbuild/win32-arm64":
      optional: true
    "@esbuild/win32-ia32":
      optional: true
    "@esbuild/win32-x64":
      optional: true
  bin:
    esbuild: bin/esbuild
  checksum: 10c0/9b19edb63bd7780fd2e8e65a1394a0e8a05a17d697f73f0647ffe3c134709d8dbe744ab3fd57b35c9470db268cae7678fafd3dcd3ce1f34fc590568c2433f5d2
  languageName: node
  linkType: hard

"has-flag@npm:^4.0.0":
  version: 4.0.0
  resolution: "has-flag@npm:4.0.0"
  checksum: 10c0/2e789c61b7888d66993e14e8331449e525ef42aac53c627cc53d1c3334e768bcb6abdc4f5f0de1478a25beec6f0bd62c7549058b7ac53e924040d4f301f02fd1
  languageName: node
  linkType: hard

"jest-diff@npm:^26.0.0":
  version: 26.6.2
  resolution: "jest-diff@npm:26.6.2"
  dependencies:
    chalk: "npm:^4.0.0"
    diff-sequences: "npm:^26.6.2"
    jest-get-type: "npm:^26.3.0"
    pretty-format: "npm:^26.6.2"
  checksum: 10c0/3a9c88c8f308487059788ab1199e12f9b4657168964a2307573760b4d41ab5b851e5bef70125ef5ceddc1e201d6753d6ceae88994c197990dd9307cb7d94b9a1
  languageName: node
  linkType: hard

"jest-get-type@npm:^26.3.0":
  version: 26.3.0
  resolution: "jest-get-type@npm:26.3.0"
  checksum: 10c0/112fc7f962d1c4625a51b6ccfe6e9c8e54ab80816bf8dbf2b1bf25d12c0f75c74ebad0c2f37622aea81019a2087451bfb12a46619ed6717e64ee875ea2de5520
  languageName: node
  linkType: hard

"lodash.clonedeep@npm:^4.5.0":
  version: 4.5.0
  resolution: "lodash.clonedeep@npm:4.5.0"
  checksum: 10c0/2caf0e4808f319d761d2939ee0642fa6867a4bbf2cfce43276698828380756b99d4c4fa226d881655e6ac298dd453fe12a5ec8ba49861777759494c534936985
  languageName: node
  linkType: hard

"moment@npm:2.29.4":
  version: 2.29.4
  resolution: "moment@npm:2.29.4"
  checksum: 10c0/844c6f3ce42862ac9467c8ca4f5e48a00750078682cc5bda1bc0e50cc7ca88e2115a0f932d65a06e4a90e26cb78892be9b3ca3dd6546ca2c4d994cebb787fc2b
  languageName: node
  linkType: hard

"obsidian-paste-to-current-indentation@workspace:.":
  version: 0.0.0-use.local
  resolution: "obsidian-paste-to-current-indentation@workspace:."
  dependencies:
    "@types/jest": "npm:^26.0.24"
    "@types/lodash.clonedeep": "npm:^4.5.7"
    "@types/node": "npm:^14.14.37"
    "@xmldom/xmldom": "npm:^0.9.12"
    builtin-modules: "npm:^5.3.0"
    esbuild: "npm:^0.28.2"
    lodash.clonedeep: "npm:^4.5.0"
    obsidian: "npm:^1.1.1"
    tslib: "npm:^2.2.0"
    typescript: "npm:^4.3.5"
  languageName: unknown
  linkType: soft

"obsidian@npm:^1.1.1":
  version: 1.13.1
  resolution: "obsidian@npm:1.13.1"
  dependencies:
    "@types/codemirror": "npm:5.60.8"
    moment: "npm:2.29.4"
  peerDependencies:
    "@codemirror/state": 6.5.0
    "@codemirror/view": 6.38.6
  checksum: 10c0/cc7bf4de68c36edfd7e3a348b45c8919d01bc6fb04b1f03fae74092156bf78add092f0f94c3885599fefbb3a83740630360044a1d899bd299c2016d345311521
  languageName: node
  linkType: hard

"pretty-format@npm:^26.0.0, pretty-format@npm:^26.6.2":
  version: 26.6.2
  resolution: "pretty-format@npm:26.6.2"
  dependencies:
    "@jest/types": "npm:^26.6.2"
    ansi-regex: "npm:^5.0.0"
    ansi-styles: "npm:^4.0.0"
    react-is: "npm:^17.0.1"
  checksum: 10c0/b5ddf0e949b874b699d313fe9407f0eb65e67d00823b2dd95335905a73457260af7612f3bff6b48611fcca9ffcff003359e4c9faba4200d6209da433a859aef3
  languageName: node
  linkType: hard

"react-is@npm:^17.0.1":
  version: 17.0.2
  resolution: "react-is@npm:17.0.2"
  checksum: 10c0/2bdb6b93fbb1820b024b496042cce405c57e2f85e777c9aabd55f9b26d145408f9f74f5934676ffdc46f3dcff656d78413a6e43968e7b3f92eea35b3052e9053
  languageName: node
  linkType: hard

"supports-color@npm:^7.1.0":
  version: 7.2.0
  resolution: "supports-color@npm:7.2.0"
  dependencies:
    has-flag: "npm:^4.0.0"
  checksum: 10c0/afb4c88521b8b136b5f5f95160c98dee7243dc79d5432db7efc27efb219385bbc7d9427398e43dd6cc730a0f87d5085ce1652af7efbe391327bc0a7d0f7fc124
  languageName: node
  linkType: hard

"tslib@npm:^2.2.0":
  version: 2.4.0
  resolution: "tslib@npm:2.4.0"
  checksum: 10c0/eb19bda3ae545b03caea6a244b34593468e23d53b26bf8649fbc20fce43e9b21a71127fd6d2b9662c0fe48ee6ff668ead48fd00d3b88b2b716b1c12edae25b5d
  languageName: node
  linkType: hard

"typescript@npm:^4.3.5":
  version: 4.6.3
  resolution: "typescript@npm:4.6.3"
  bin:
    tsc: bin/tsc
    tsserver: bin/tsserver
  checksum: 10c0/53e8bcf00abde8ecb2002d1f1e15160b21cb62b2dd0ff71bad2ef55fa96141f76316fce649a415758d3f17bd8e0c5676d8f017c34ec3e38b585812d4717a712c
  languageName: node
  linkType: hard

"typescript@patch:typescript@npm%3A^4.3.5#optional!builtin<compat/typescript>":
  version: 4.6.3
  resolution: "typescript@patch:typescript@npm%3A4.6.3#optional!builtin<compat/typescript>::version=4.6.3&hash=5d3a66"
  bin:
    tsc: bin/tsc
    tsserver: bin/tsserver
  checksum: 10c0/8d62a37d9f238d83b6cdc738be90bb476a61c7e05d5924ecfb894eb63f39406b0660bd931876546a2be6895cd2678ddcb7f6793ceaab1454bc4e39f3cd9eb889
  languageName: node
  linkType: hard
